github.com/aws/aws-sdk-go-v2 v1.41.1 h1:ABlyEARCDLN034NhxlRUSZr4l71mh+T5KAeGh6cerhU=
github.com/aws/aws-sdk-go-v2 v1.41.1/go.mod h1:MayyLB8y+buD9hZqkCW3kX1AKq07Y5pXxtgB+rRFhz0=
github.com/aws/aws-sdk-go-v2/aws/protocol/eventstream v1.7.4 h1:489krEF9xIGkOaaX3CE/Be2uWjiXrkCH6gUX+bZA/BU=
github.com/aws/aws-sdk-go-v2/aws/protocol/eventstream v1.7.4/go.mod h1:IOAPF6oT9KCsceNTvvYMNHy0+kMF8akOjeDvPENWxp4=
github.com/aws/aws-sdk-go-v2/config v1.31.6 h1:a1t8fXY4GT4xjyJExz4knbuoxSCacB5hT/WgtfPyLjo=
github.com/aws/aws-sdk-go-v2/config v1.31.6/go.mod h1:5ByscNi7R+ztvOGzeUaIu49vkMk2soq5NaH5PYe33MQ=
github.com/aws/aws-sdk-go-v2/credentials v1.18.10 h1:xdJnXCouCx8Y0NncgoptztUocIYLKeQxrCgN6x9sdhg=
github.com/aws/aws-sdk-go-v2/credentials v1.18.10/go.mod h1:7tQk08ntj914F/5i9jC4+2HQTAuJirq7m1vZVIhEkWs=
github.com/aws/aws-sdk-go-v2/feature/ec2/imds v1.18.6 h1:wbjnrrMnKew78/juW7I2BtKQwa1qlf6EjQgS69uYY14=
github.com/aws/aws-sdk-go-v2/feature/ec2/imds v1.18.6/go.mod h1:AtiqqNrDioJXuUgz3+3T0mBWN7Hro2n9wll2zRUc0ww=
github.com/aws/aws-sdk-go-v2/internal/configsources v1.4.17 h1:xOLELNKGp2vsiteLsvLPwxC+mYmO6OZ8PYgiuPJzF8U=
github.com/aws/aws-sdk-go-v2/internal/configsources v1.4.17/go.mod h1:5M5CI3D12dNOtH3/mk6minaRwI2/37ifCURZISxA/IQ=
github.com/aws/aws-sdk-go-v2/internal/endpoints/v2 v2.7.17 h1:WWLqlh79iO48yLkj1v3ISRNiv+3KdQoZ6JWyfcsyQik=
github.com/aws/aws-sdk-go-v2/internal/endpoints/v2 v2.7.17/go.mod h1:EhG22vHRrvF8oXSTYStZhJc1aUgKtnJe+aOiFEV90cM=
github.com/aws/aws-sdk-go-v2/internal/ini v1.8.3 h1:bIqFDwgGXXN1Kpp99pDOdKMTTb5d2KyU5X/BZxjOkRo=
github.com/aws/aws-sdk-go-v2/internal/ini v1.8.3/go.mod h1:H5O/EsxDWyU+LP/V8i5sm8cxoZgc2fdNR9bxlOFrQTo=
github.com/aws/aws-sdk-go-v2/internal/v4a v1.4.17 h1:JqcdRG//czea7Ppjb+g/n4o8i/R50aTBHkA7vu0lK+k=
github.com/aws/aws-sdk-go-v2/internal/v4a v1.4.17/go.mod h1:CO+WeGmIdj/MlPel2KwID9Gt7CNq4M65HUfBW97liM0=
github.com/aws/aws-sdk-go-v2/service/accessanalyzer v1.45.8 h1:48gg4ms18noWfinmil3gPBeleeIYYseUfv8Sb6tQ7Bw=
github.com/aws/aws-sdk-go-v2/service/accessanalyzer v1.45.8/go.mod h1:sFrWrE5A7HhYegREC3suoavAVbZtA9EZsPJLLecDAXY=
github.com/aws/aws-sdk-go-v2/service/apigateway v1.38.4 h1:V8gcFwJPP3eXZXpeui+p97JmO7WtCkQlEAHrE6Kyt0k=
github.com/aws/aws-sdk-go-v2/service/apigateway v1.38.4/go.mod h1:iJF5UdwkFue/YuUGCFsCCdT3SBMUx0s+h5TNi0Sz+qg=
github.com/aws/aws-sdk-go-v2/service/apigatewayv2 v1.33.5 h1:VUf8W+s2EQwajy6n+xCN9ctkhJsCJbpwPmzf49NtJM8=
github.com/aws/aws-sdk-go-v2/service/apigatewayv2 v1.33.5/go.mod h1:0/7yOW11zIEYILivvAmnKbyvYG+34Zb/JrnywtskyLw=
github.com/aws/aws-sdk-go-v2/service/backup v1.54.6 h1:glHh9kH3nitEM8rtZUCw4oc0lOfcbe3SgfgOXUgCE+o=
github.com/aws/aws-sdk-go-v2/service/backup v1.54.6/go.mod h1:2U2MZn+z09DuWXEHBjY6MRlV+pYOv4FiMjQ7zXLg6vM=
github.com/aws/aws-sdk-go-v2/service/bedrock v1.53.2 h1:Z5JspbwScfbzmOmTmlagxHVRcOJmb/Ku5kXnwdY0fto=
github.com/aws/aws-sdk-go-v2/service/bedrock v1.53.2/go.mod h1:YkwtdWa9fxpfhKuZyjb9mi+h/E3LoXFzT72BpxA9tGk=
github.com/aws/aws-sdk-go-v2/service/cloudfront v1.60.0 h1:RUQqU9L1LnFJ+9t5hsSB7GI6dVvJDCnG4WgRlDeHK6E=
github.com/aws/aws-sdk-go-v2/service/cloudfront v1.60.0/go.mod h1:9Hd/cqshF4zl13KGLkWtRfITbvKR6m6FZHwhL2BYDSY=
github.com/aws/aws-sdk-go-v2/service/cloudtrail v1.55.5 h1:sSgqtZi6Kp4Pc1V4turyaux7xUXxC1JwbEF6MzTQ9oE=
github.com/aws/aws-sdk-go-v2/service/cloudtrail v1.55.5/go.mod h1:zweZsRPub5YhgUjoMGOeRWuXOOORt6YFiA51hpmNB4c=
github.com/aws/aws-sdk-go-v2/service/cloudwatch v1.53.1 h1:ElB5x0nrBHgQs+XcpQ1XJpSJzMFCq6fDTpT6WQCWOtQ=
github.com/aws/aws-sdk-go-v2/service/cloudwatch v1.53.1/go.mod h1:Cj+LUEvAU073qB2jInKV6Y0nvHX0k7bL7KAga9zZ3jw=
github.com/aws/aws-sdk-go-v2/service/cloudwatchlogs v1.63.1 h1:l65dmgr7tO26EcHe6WMdseRnFLoJ2nqdkPz1nJdXfaw=
github.com/aws/aws-sdk-go-v2/service/cloudwatchlogs v1.63.1/go.mod h1:wvnXh1w1pGS2UpEvPTKSjXYuxiXhuvob/IMaK2AWvek=
github.com/aws/aws-sdk-go-v2/service/configservice v1.61.0 h1:n4XSHVt0MI30M6QO/WtDr9jyoOjDtuD4KE3co8NaaQg=
github.com/aws/aws-sdk-go-v2/service/configservice v1.61.0/go.mod h1:NBQSTR2wDKdpLcDuX9ksjWgQfUtGeEhlPwa6CCmVOlY=
github.com/aws/aws-sdk-go-v2/service/dynamodb v1.55.0 h1:CyYoeHWjVSGimzMhlL0Z4l5gLCa++ccnRJKrsaNssxE=
github.com/aws/aws-sdk-go-v2/service/dynamodb v1.55.0/go.mod h1:ctEsEHY2vFQc6i4KU07q4n68v7BAmTbujv2Y+z8+hQY=
github.com/aws/aws-sdk-go-v2/service/ec2 v1.279.0 h1:o7eJKe6VYAnqERPlLAvDW5VKXV6eTKv1oxTpMoDP378=
github.com/aws/aws-sdk-go-v2/service/ec2 v1.279.0/go.mod h1:Wg68QRgy2gEGGdmTPU/UbVpdv8sM14bUZmF64KFwAsY=
github.com/aws/aws-sdk-go-v2/service/ecr v1.53.0 h1:ReOAhAmW/8c2yLfr7fuLeD6WgXrp12yL27CCQMP6eQM=
github.com/aws/aws-sdk-go-v2/service/ecr v1.53.0/go.mod h1:1NVD1KuMjH2GqnPwMotPndQaT/MreKkWpjkF12d6oKU=
github.com/aws/aws-sdk-go-v2/service/ecs v1.71.0 h1:MzP/ElwTpINq+hS80ZQz4epKVnUTlz8Sz+P/AFORCKM=
github.com/aws/aws-sdk-go-v2/service/ecs v1.71.0/go.mod h1:pMlGFDpHoLTJOIZHGdJOAWmi+xeIlQXuFTuQxs1epYE=
github.com/aws/aws-sdk-go-v2/service/eks v1.77.1 h1:pMXNbXUX4Xd9fRmRdEe/vQ/5EFRy2M4jvW6geO5lhd8=
github.com/aws/aws-sdk-go-v2/service/eks v1.77.1/go.mod h1:Qg678m+87sCuJhcsZojenz8mblYG+Tq86V4m3hjVz0s=
github.com/aws/aws-sdk-go-v2/service/elasticloadbalancingv2 v1.54.6 h1:fQR1aeZKaiPkNPya0JMy2nhsoqoSgIWc3/QTiTiL1K0=
github.com/aws/aws-sdk-go-v2/service/elasticloadbalancingv2 v1.54.6/go.mod h1:oJRLDix51wqBDlP9dv+blFkvvf7HESolQz5cdhdmV4A=
github.com/aws/aws-sdk-go-v2/service/guardduty v1.73.0 h1:TALYmlRVgULGSZhnH4t/dvE4U+63Xf0ikNF2mfB8Ubs=
github.com/aws/aws-sdk-go-v2/service/guardduty v1.73.0/go.mod h1:OJ/KJTI6RXfv0i4oURwGnw6V+YgdEul/sHlxRSMqOMY=
github.com/aws/aws-sdk-go-v2/service/iam v1.53.2 h1:62G6btFUwAa5uR5iPlnlNVAM0zJSLbWgDfKOfUC7oW4=
github.com/aws/aws-sdk-go-v2/service/iam v1.53.2/go.mod h1:av9clChrbZbJ5E21msSsiT2oghl2BJHfQGhCkXmhyu8=
github.com/aws/aws-sdk-go-v2/service/inspector2 v1.46.2 h1:mr4bOFrXVV237tX63Qg14ebsRVms2hPi3teYggreFFs=
github.com/aws/aws-sdk-go-v2/service/inspector2 v1.46.2/go.mod h1:epPjpQofjU2CJykeKBFJV4mKwHtUUbhKQnv/cg9ar2M=
github.com/aws/aws-sdk-go-v2/service/internal/accept-encoding v1.13.4 h1:0ryTNEdJbzUCEWkVXEXoqlXV72J5keC1GvILMOuD00E=
github.com/aws/aws-sdk-go-v2/service/internal/accept-encoding v1.13.4/go.mod h1:HQ4qwNZh32C3CBeO6iJLQlgtMzqeG17ziAA/3KDJFow=
github.com/aws/aws-sdk-go-v2/service/internal/checksum v1.9.8 h1:Z5EiPIzXKewUQK0QTMkutjiaPVeVYXX7KIqhXu/0fXs=
github.com/aws/aws-sdk-go-v2/service/internal/checksum v1.9.8/go.mod h1:FsTpJtvC4U1fyDXk7c71XoDv3HlRm8V3NiYLeYLh5YE=
github.com/aws/aws-sdk-go-v2/service/internal/endpoint-discovery v1.11.17 h1:Nhx/OYX+ukejm9t/MkWI8sucnsiroNYNGb5ddI9ungQ=
github.com/aws/aws-sdk-go-v2/service/internal/endpoint-discovery v1.11.17/go.mod h1:AjmK8JWnlAevq1b1NBtv5oQVG4iqnYXUufdgol+q9wg=
github.com/aws/aws-sdk-go-v2/service/internal/presigned-url v1.13.17 h1:RuNSMoozM8oXlgLG/n6WLaFGoea7/CddrCfIiSA+xdY=
github.com/aws/aws-sdk-go-v2/service/internal/presigned-url v1.13.17/go.mod h1:F2xxQ9TZz5gDWsclCtPQscGpP0VUOc8RqgFM3vDENmU=
github.com/aws/aws-sdk-go-v2/service/internal/s3shared v1.19.17 h1:bGeHBsGZx0Dvu/eJC0Lh9adJa3M1xREcndxLNZlve2U=
github.com/aws/aws-sdk-go-v2/service/internal/s3shared v1.19.17/go.mod h1:dcW24lbU0CzHusTE8LLHhRLI42ejmINN8Lcr22bwh/g=
github.com/aws/aws-sdk-go-v2/service/kms v1.49.5 h1:DKibav4XF66XSeaXcrn9GlWGHos6D/vJ4r7jsK7z5CE=
github.com/aws/aws-sdk-go-v2/service/kms v1.49.5/go.mod h1:1SdcmEGUEQE1mrU2sIgeHtcMSxHuybhPvuEPANzIDfI=
github.com/aws/aws-sdk-go-v2/service/lambda v1.88.0 h1:u66DMbJWDFXs9458RAHNtq2d0gyqcZFV4mzRwfjM358=
github.com/aws/aws-sdk-go-v2/service/lambda v1.88.0/go.mod h1:ogjbkxFgFOjG3dYFQ8irC92gQfpfMDcy1RDKNSZWXNU=
github.com/aws/aws-sdk-go-v2/service/organizations v1.50.2 h1:D64FjbJyjIRYLpMdNcVnprU7/mh/Vzea4jGMtqQ8QAw=
github.com/aws/aws-sdk-go-v2/service/organizations v1.50.2/go.mod h1:6WyPYQBJwPA/71gHpvO2f5O7yxn1uQZBm600CiXno1s=
github.com/aws/aws-sdk-go-v2/service/rds v1.114.0 h1:p9c6HDzx6sTf7uyc9xsQd693uzArsPrsVr9n0oRk7DU=
github.com/aws/aws-sdk-go-v2/service/rds v1.114.0/go.mod h1:JBRYWpz5oXQtHgQC+X8LX9lh0FBCwRHJlWEIT+TTLaE=
github.com/aws/aws-sdk-go-v2/service/resourcegroupstaggingapi v1.31.6 h1:gd7YMnFZQGdy4lERF9ffz9kbc6K/IPhCu5CrJDJr8XY=
github.com/aws/aws-sdk-go-v2/service/resourcegroupstaggingapi v1.31.6/go.mod h1:lnTv81am9e2C2SjX3VKyUrKEzDADD9lKST9ou96UBoY=
github.com/aws/aws-sdk-go-v2/service/route53 v1.62.1 h1:1jIdwWOulae7bBLIgB36OZ0DINACb1wxM6wdGlx4eHE=
github.com/aws/aws-sdk-go-v2/service/route53 v1.62.1/go.mod h1:tE2zGlMIlxWv+7Otap7ctRp3qeKqtnja7DZguj3Vu/Y=
github.com/aws/aws-sdk-go-v2/service/s3 v1.96.0 h1:oeu8VPlOre74lBA/PMhxa5vewaMIMmILM+RraSyB8KA=
github.com/aws/aws-sdk-go-v2/service/s3 v1.96.0/go.mod h1:5jggDlZ2CLQhwJBiZJb4vfk4f0GxWdEDruWKEJ1xOdo=
github.com/aws/aws-sdk-go-v2/service/secretsmanager v1.41.1 h1:72DBkm/CCuWx2LMHAXvLDkZfzopT3psfAeyZDIt1/yE=
github.com/aws/aws-sdk-go-v2/service/secretsmanager v1.41.1/go.mod h1:A+oSJxFvzgjZWkpM0mXs3RxB5O1SD6473w3qafOC9eU=
github.com/aws/aws-sdk-go-v2/service/securityhub v1.67.3 h1:FEs3IkfJWp+Sz3ZY6sAxmebBF0lr1wBcTWkuFW1OFJg=
github.com/aws/aws-sdk-go-v2/service/securityhub v1.67.3/go.mod h1:3wnS16Wip5w0uh9kVFBhuMFmdkrMBr8Fc96kAY5h13o=
github.com/aws/aws-sdk-go-v2/service/ses v1.34.18 h1:2Lnd3ZNTyWpFJJM55y0mP0aESovm+vFuFEwLijucUL8=
github.com/aws/aws-sdk-go-v2/service/ses v1.34.18/go.mod h1:BLwHw6wdkA6NfnW/cFaVcvpwdIXHLAkpe6nsLF9BVww=
github.com/aws/aws-sdk-go-v2/service/shield v1.34.17 h1:XOqXVwczmfk6/GtGW7eee1RvCp7NhPKn8wYbZp+yTa8=
github.com/aws/aws-sdk-go-v2/service/shield v1.34.17/go.mod h1:eQV3cCW6J6J+cpBitDt/tDvVTmBFTdlZdEGNKsB76O8=
github.com/aws/aws-sdk-go-v2/service/sns v1.39.11 h1:Ke7RS0NuP9Xwk31prXYcFGA1Qfn8QmNWcxyjKPcXZdc=
github.com/aws/aws-sdk-go-v2/service/sns v1.39.11/go.mod h1:hdZDKzao0PBfJJygT7T92x2uVcWc/htqlhrjFIjnHDM=
github.com/aws/aws-sdk-go-v2/service/sqs v1.42.21 h1:Oa0IhwDLVrcBHDlNo1aosG4CxO4HyvzDV5xUWqWcBc0=
github.com/aws/aws-sdk-go-v2/service/sqs v1.42.21/go.mod h1:t98Ssq+qtXKXl2SFtaSkuT6X42FSM//fnO6sfq5RqGM=
github.com/aws/aws-sdk-go-v2/service/sso v1.29.1 h1:8OLZnVJPvjnrxEwHFg9hVUof/P4sibH+Ea4KKuqAGSg=
github.com/aws/aws-sdk-go-v2/service/sso v1.29.1/go.mod h1:27M3BpVi0C02UiQh1w9nsBEit6pLhlaH3NHna6WUbDE=
github.com/aws/aws-sdk-go-v2/service/ssooidc v1.34.2 h1:gKWSTnqudpo8dAxqBqZnDoDWCiEh/40FziUjr/mo6uA=
github.com/aws/aws-sdk-go-v2/service/ssooidc v1.34.2/go.mod h1:x7+rkNmRoEN1U13A6JE2fXne9EWyJy54o3n6d4mGaXQ=
github.com/aws/aws-sdk-go-v2/service/sts v1.38.2 h1:YZPjhyaGzhDQEvsffDEcpycq49nl7fiGcfJTIo8BszI=
github.com/aws/aws-sdk-go-v2/service/sts v1.38.2/go.mod h1:2dIN8qhQfv37BdUYGgEC8Q3tteM3zFxTI1MLO2O3J3c=
github.com/aws/aws-sdk-go-v2/service/wafv2 v1.70.7 h1:WXGcHbw0n/WGrp2mLxDImYsPeQFdrd3wUk1dNI8d5QI=
github.com/aws/aws-sdk-go-v2/service/wafv2 v1.70.7/go.mod h1:5M/5JdJM11qAE+yQSPlDzcoDpjckAkWTf4cl6INnOE8=
github.com/aws/smithy-go v1.24.0 h1:LpilSUItNPFr1eY85RYgTIg5eIEPtvFbskaFcmmIUnk=
github.com/aws/smithy-go v1.24.0/go.mod h1:LEj2LM3rBRQJxPZTB4KuzZkaZYnZPnvgIhb4pu07mx0=
github.com/briandowns/spinner v1.23.2 h1:Zc6ecUnI+YzLmJniCfDNaMbW0Wid1d5+qcTq4L2FW8w=
github.com/briandowns/spinner v1.23.2/go.mod h1:LaZeM4wm2Ywy6vO571mvhQNRcWfRUnXOs0RcKV0wYKM=
github.com/davecgh/go-spew v1.1.1 h1:vj9j/u1bqnvCEfJOwUhtlOARqs3+rkHYY13jYWTU97c=
github.com/davecgh/go-spew v1.1.1/go.mod h1:J7Y8YcW2NihsgmVo/mv3lAwl/skON4iLHjSsI+c5H38=
github.com/dustin/go-humanize v1.0.1 h1:GzkhY7T5VNhEkwH0PVJgjz+fX1rhBrR7pRT3mDkpeCY=
github.com/dustin/go-humanize v1.0.1/go.mod h1:Mu1zIs6XwVuF/gI1OepvI0qD18qycQx+mFykh5fBlto=
github.com/fatih/color v1.7.0 h1:DkWD4oS2D8LGGgTQ6IvwJJXSL5Vp2ffcQg58nFV38Ys=
github.com/fatih/color v1.7.0/go.mod h1:Zm6kSWBoL9eyXnKyktHP6abPY2pDugNf5KwzbycvMj4=
github.com/google/pprof v0.0.0-20250317173921-a4b03ec1a45e h1:ijClszYn+mADRFY17kjQEVQ1XRhq2/JR1M3sGqeJoxs=
github.com/google/pprof v0.0.0-20250317173921-a4b03ec1a45e/go.mod h1:boTsfXsheKC2y+lKOCMpSfarhxDeIzfZG1jqGcPl3cA=
github.com/google/uuid v1.6.0 h1:NIvaJDMOsjHA8n1jAhLSgzrAzy1Hgr+hNrb57e+94F0=
github.com/google/uuid v1.6.0/go.mod h1:TIyPZe4MgqvfeYDBFedMoGGpEw/LqOeaOT+nhxU+yHo=
github.com/hashicorp/golang-lru/v2 v2.0.7 h1:a+bsQ5rvGLjzHuww6tVxozPZFVghXaHOwFs4luLUK2k=
github.com/hashicorp/golang-lru/v2 v2.0.7/go.mod h1:QeFd9opnmA6QUJc5vARoKUSoFhyfM2/ZepoAG6RGpeM=
github.com/jedib0t/go-pretty/v6 v6.6.8 h1:JnnzQeRz2bACBobIaa/r+nqjvws4yEhcmaZ4n1QzsEc=
github.com/jedib0t/go-pretty/v6 v6.6.8/go.mod h1:YwC5CE4fJ1HFUDeivSV1r//AmANFHyqczZk+U6BDALU=
github.com/mattn/go-colorable v0.1.2 h1:/bC9yWikZXAL9uJdulbSfyVNIR3n3trXl+v8+1sx8mU=
github.com/mattn/go-colorable v0.1.2/go.mod h1:U0ppj6V5qS13XJ6of8GYAs25YV2eR4EVcfRqFIhoBtE=
github.com/mattn/go-isatty v0.0.8/go.mod h1:Iq45c/XA43vh69/j3iqttzPXn0bhXyGjM0Hdxcsrc5s=
github.com/mattn/go-isatty v0.0.20 h1:xfD0iDuEKnDkl03q4limB+vH+GxLEtL/jb4xVJSWWEY=
github.com/mattn/go-isatty v0.0.20/go.mod h1:W+V8PltTTMOvKvAeJH7IuucS94S2C6jfK/D7dTCTo3Y=
github.com/mattn/go-runewidth v0.0.16 h1:E5ScNMtiwvlvB5paMFdw9p4kSQzbXFikJ5SQO6TULQc=
github.com/mattn/go-runewidth v0.0.16/go.mod h1:Jdepj2loyihRzMpdS35Xk/zdY8IAYHsh153qUoGf23w=
github.com/ncruces/go-strftime v1.0.0 h1:HMFp8mLCTPp341M/ZnA4qaf7ZlsbTc+miZjCLOFAw7w=
github.com/ncruces/go-strftime v1.0.0/go.mod h1:Fwc5htZGVVkseilnfgOVb9mKy6w1naJmn9CehxcKcls=
github.com/pmezard/go-difflib v1.0.0 h1:4DBwDE0NGyQoBHbLQYPwSUPoCMWR5BEzIk/f1lZbAQM=
github.com/pmezard/go-difflib v1.0.0/go.mod h1:iKH77koFhYxTK1pcRnkKkqfTogsbg7gZNVY4sRDYZ/4=
github.com/remyoudompheng/bigfft v0.0.0-20230129092748-24d4a6f8daec h1:W09IVJc94icq4NjY3clb7Lk8O1qJ8BdBEF8z0ibU0rE=
github.com/remyoudompheng/bigfft v0.0.0-20230129092748-24d4a6f8daec/go.mod h1:qqbHyh8v60DhA7CoWK5oRCqLrMHRGoxYCSS9EjAz6Eo=
github.com/rivo/uniseg v0.2.0/go.mod h1:J6wj4VEh+S6ZtnVlnTBMWIodfgj8LQOQFoIToxlJtxc=
github.com/rivo/uniseg v0.4.7 h1:WUdvkW8uEhrYfLC4ZzdpI2ztxP1I582+49Oc5Mq64VQ=
github.com/rivo/uniseg v0.4.7/go.mod h1:FN3SvrM+Zdj16jyLfmOkMNblXMcoc8DfTHruCPUcx88=
github.com/spf13/pflag v1.0.10 h1:4EBh2KAYBwaONj6b2Ye1GiHfwjqyROoF4RwYO+vPwFk=
github.com/spf13/pflag v1.0.10/go.mod h1:McXfInJRrz4CZXVZOBLb0bTZqETkiAhM9Iw0y3An2Bg=
github.com/stretchr/testify v1.11.1 h1:7s2iGBzp5EwR7/aIZr8ao5+dra3wiQyKjjFuvgVKu7U=
github.com/stretchr/testify v1.11.1/go.mod h1:wZwfW3scLgRK+23gO65QZefKpKQRnfz6sD981Nm4B6U=
golang.org/x/exp v0.0.0-20251023183803-a4bb9ffd2546 h1:mgKeJMpvi0yx/sU5GsxQ7p6s2wtOnGAHZWCHUM4KGzY=
golang.org/x/exp v0.0.0-20251023183803-a4bb9ffd2546/go.mod h1:j/pmGrbnkbPtQfxEe5D0VQhZC6qKbfKifgD0oM7sR70=
golang.org/x/mod v0.29.0 h1:HV8lRxZC4l2cr3Zq1LvtOsi/ThTgWnUk/y64QSs8GwA=
golang.org/x/mod v0.29.0/go.mod h1:NyhrlYXJ2H4eJiRy/WDBO6HMqZQ6q9nk4JzS3NuCK+w=
golang.org/x/sync v0.17.0 h1:l60nONMj9l5drqw6jlhIELNv9I0A4OFgRsG9k2oT9Ug=
golang.org/x/sync v0.17.0/go.mod h1:9KTHXmSnoGruLpwFjVSX0lNNA75CykiMECbovNTZqGI=
golang.org/x/sys v0.0.0-20190222072716-a9d3bda3a223/go.mod h1:STP8DvDyc/dI5b8T5hshtkjS+E42TnysNCUPdjciGhY=
golang.org/x/sys v0.6.0/go.mod h1:oPkhp1MJrh7nUepCBck5+mAzfO9JrbApNNgaTdGDITg=
golang.org/x/sys v0.37.0 h1:fdNQudmxPjkdUTPnLn5mdQv7Zwvbvpaxqs831goi9kQ=
golang.org/x/sys v0.37.0/go.mod h1:OgkHotnGiDImocRcuBABYBEXf8A9a87e/uXjp9XT3ks=
golang.org/x/term v0.29.0 h1:L6pJp37ocefwRRtYPKSWOWzOtWSxVajvz2ldH/xi3iU=
golang.org/x/term v0.29.0/go.mod h1:6bl4lRlvVuDgSf3179VpIxBF0o10JUpXWOnI7nErv7s=
golang.org/x/text v0.22.0 h1:bofq7m3/HAFvbF51jz3Q9wLg3jkvSPuiZu/pD1XwgtM=
golang.org/x/text v0.22.0/go.mod h1:YRoo4H8PVmsu+E3Ou7cqLVH8oXWIHVoX0jqUWALQhfY=
golang.org/x/tools v0.38.0 h1:Hx2Xv8hISq8Lm16jvBZ2VQf+RLmbd7wVUsALibYI/IQ=
golang.org/x/tools v0.38.0/go.mod h1:yEsQ/d/YK8cjh0L6rZlY8tgtlKiBNTL14pGDJPJpYQs=
gopkg.in/check.v1 v0.0.0-20161208181325-20d25e280405 h1:yhCVgyC4o1eVCa2tZl7eS0r+SDo693bJlVdllGtEeKM=
gopkg.in/check.v1 v0.0.0-20161208181325-20d25e280405/go.mod h1:Co6ibVJAznAaIkqp8huTwlJQCZ016jof/cbN4VW5Yz0=
gopkg.in/yaml.v3 v3.0.1 h1:fxVm/GzAzEWqLHuvctI91KS9hhNmmWOoWu0XTYJS7CA=
gopkg.in/yaml.v3 v3.0.1/go.mod h1:K4uyk7z7BCEPqu6E+C64Yfv1cQ7kz7rIZviUmN+EgEM=
modernc.org/cc/v4 v4.27.1 h1:9W30zRlYrefrDV2JE2O8VDtJ1yPGownxciz5rrbQZis=
modernc.org/cc/v4 v4.27.1/go.mod h1:uVtb5OGqUKpoLWhqwNQo/8LwvoiEBLvZXIQ/SmO6mL0=
modernc.org/ccgo/v4 v4.30.1 h1:4r4U1J6Fhj98NKfSjnPUN7Ze2c6MnAdL0hWw6+LrJpc=
modernc.org/ccgo/v4 v4.30.1/go.mod h1:bIOeI1JL54Utlxn+LwrFyjCx2n2RDiYEaJVSrgdrRfM=
modernc.org/fileutil v1.3.40 h1:ZGMswMNc9JOCrcrakF1HrvmergNLAmxOPjizirpfqBA=
modernc.org/fileutil v1.3.40/go.mod h1:HxmghZSZVAz/LXcMNwZPA/DRrQZEVP9VX0V4LQGQFOc=
modernc.org/gc/v2 v2.6.5 h1:nyqdV8q46KvTpZlsw66kWqwXRHdjIlJOhG6kxiV/9xI=
modernc.org/gc/v2 v2.6.5/go.mod h1:YgIahr1ypgfe7chRuJi2gD7DBQiKSLMPgBQe9oIiito=
modernc.org/gc/v3 v3.1.1 h1:k8T3gkXWY9sEiytKhcgyiZ2L0DTyCQ/nvX+LoCljoRE=
modernc.org/gc/v3 v3.1.1/go.mod h1:HFK/6AGESC7Ex+EZJhJ2Gni6cTaYpSMmU/cT9RmlfYY=
modernc.org/goabi0 v0.2.0 h1:HvEowk7LxcPd0eq6mVOAEMai46V+i7Jrj13t4AzuNks=
modernc.org/goabi0 v0.2.0/go.mod h1:CEFRnnJhKvWT1c1JTI3Avm+tgOWbkOu5oPA8eH8LnMI=
modernc.org/libc v1.67.6 h1:eVOQvpModVLKOdT+LvBPjdQqfrZq+pC39BygcT+E7OI=
modernc.org/libc v1.67.6/go.mod h1:JAhxUVlolfYDErnwiqaLvUqc8nfb2r6S6slAgZOnaiE=
modernc.org/mathutil v1.7.1 h1:GCZVGXdaN8gTqB1Mf/usp1Y/hSqgI2vAGGP4jZMCxOU=
modernc.org/mathutil v1.7.1/go.mod h1:4p5IwJITfppl0G4sUEDtCr4DthTaT47/N3aT6MhfgJg=
modernc.org/memory v1.11.0 h1:o4QC8aMQzmcwCK3t3Ux/ZHmwFPzE6hf2Y5LbkRs+hbI=
modernc.org/memory v1.11.0/go.mod h1:/JP4VbVC+K5sU2wZi9bHoq2MAkCnrt2r98UGeSK7Mjw=
modernc.org/opt v0.1.4 h1:2kNGMRiUjrp4LcaPuLY2PzUfqM/w9N23quVwhKt5Qm8=
modernc.org/opt v0.1.4/go.mod h1:03fq9lsNfvkYSfxrfUhZCWPk1lm4cq4N+Bh//bEtgns=
modernc.org/sortutil v1.2.1 h1:+xyoGf15mM3NMlPDnFqrteY07klSFxLElE2PVuWIJ7w=
modernc.org/sortutil v1.2.1/go.mod h1:7ZI3a3REbai7gzCLcotuw9AC4VZVpYMjDzETGsSMqJE=
modernc.org/sqlite v1.45.0 h1:r51cSGzKpbptxnby+EIIz5fop4VuE4qFoVEjNvWoObs=
modernc.org/sqlite v1.45.0/go.mod h1:CzbrU2lSB1DKUusvwGz7rqEKIq+NUd8GWuBBZDs9/nA=
modernc.org/strutil v1.2.1 h1:UneZBkQA+DX2Rp35KcM69cSsNES9ly8mQWD71HKlOA0=
modernc.org/strutil v1.2.1/go.mod h1:EHkiggD70koQxjVdSBM3JKM7k6L0FbGE5eymy9i3B9A=
modernc.org/token v1.1.0 h1:Xl7Ap9dKaEs5kLoOQeQmPWevfnk/DM5qcLcYlA8ys6Y=
modernc.org/token v1.1.0/go.mod h1:UGzOrNV1mAFSEB63lOFHIpNRUVMvYTc6yu1SMY/XTDM=
